
Microsoft Visual Studio Solution File, Format Version 12.00
# Visual Studio Version 16
VisualStudioVersion = 16.0.33328.57
MinimumVisualStudioVersion = 10.0.40219.1
Project("{8BC9CEB8-8B4A-11D0-8D11-00A0C91BC942}") = "task5", "task5\task5.vcxproj", "{F35CF3D2-52B7-4F85-8964-4390F0E6CF94}"
EndProject
Global
	GlobalSection(SolutionConfigurationPlatforms) = preSolution
		Debug|x64 = Debug|x64
		Debug|x86 = Debug|x86
		Release|x64 = Release|x64
		Release|x86 = Release|x86
	EndGlobalSection
	GlobalSection(ProjectConfigurationPlatforms) = postSolution
		{F35CF3D2-52B7-4F85-8964-4390F0E6CF94}.Debug|x64.ActiveCfg = Debug|x64
		{F35CF3D2-52B7-4F85-8964-4390F0E6CF94}.Debug|x64.Build.0 = Debug|x64
		{F35CF3D2-52B7-4F85-8964-4390F0E6CF94}.Debug|x86.ActiveCfg = Debug|Win32
		{F35CF3D2-52B7-4F85-8964-4390F0E6CF94}.Debug|x86.Build.0 = Debug|Win32
		{F35CF3D2-52B7-4F85-8964-4390F0E6CF94}.Release|x64.ActiveCfg = Release|x64
		{F35CF3D2-52B7-4F85-8964-4390F0E6CF94}.Release|x64.Build.0 = Release|x64
		{F35CF3D2-52B7-4F85-8964-4390F0E6CF94}.Release|x86.ActiveCfg = Release|Win32
		{F35CF3D2-52B7-4F85-8964-4390F0E6CF94}.Release|x86.Build.0 = Release|Win32
	EndGlobalSection
	GlobalSection(SolutionProperties) = preSolution
		HideSolutionNode = FALSE
	EndGlobalSection
	GlobalSection(ExtensibilityGlobals) = postSolution
		SolutionGuid = {9C1C3ABD-B8CB-4E5B-A251-E945A49DE88F}
	EndGlobalSection
EndGlobal
