
Microsoft Visual Studio Solution File, Format Version 12.00
# Visual Studio Version 16
VisualStudioVersion = 16.0.33328.57
MinimumVisualStudioVersion = 10.0.40219.1
Project("{8BC9CEB8-8B4A-11D0-8D11-00A0C91BC942}") = "task4", "task4\task4.vcxproj", "{72A1AAB8-7CA5-48B8-9B18-058A5EAB2BC3}"
EndProject
Global
	GlobalSection(SolutionConfigurationPlatforms) = preSolution
		Debug|x64 = Debug|x64
		Debug|x86 = Debug|x86
		Release|x64 = Release|x64
		Release|x86 = Release|x86
	EndGlobalSection
	GlobalSection(ProjectConfigurationPlatforms) = postSolution
		{72A1AAB8-7CA5-48B8-9B18-058A5EAB2BC3}.Debug|x64.ActiveCfg = Debug|x64
		{72A1AAB8-7CA5-48B8-9B18-058A5EAB2BC3}.Debug|x64.Build.0 = Debug|x64
		{72A1AAB8-7CA5-48B8-9B18-058A5EAB2BC3}.Debug|x86.ActiveCfg = Debug|Win32
		{72A1AAB8-7CA5-48B8-9B18-058A5EAB2BC3}.Debug|x86.Build.0 = Debug|Win32
		{72A1AAB8-7CA5-48B8-9B18-058A5EAB2BC3}.Release|x64.ActiveCfg = Release|x64
		{72A1AAB8-7CA5-48B8-9B18-058A5EAB2BC3}.Release|x64.Build.0 = Release|x64
		{72A1AAB8-7CA5-48B8-9B18-058A5EAB2BC3}.Release|x86.ActiveCfg = Release|Win32
		{72A1AAB8-7CA5-48B8-9B18-058A5EAB2BC3}.Release|x86.Build.0 = Release|Win32
	EndGlobalSection
	GlobalSection(SolutionProperties) = preSolution
		HideSolutionNode = FALSE
	EndGlobalSection
	GlobalSection(ExtensibilityGlobals) = postSolution
		SolutionGuid = {1A26393B-4CCD-41FF-91E4-12077F4B967C}
	EndGlobalSection
EndGlobal
